
Microsoft Visual Studio Solution File, Format Version 12.00
# Visual Studio Version 17
VisualStudioVersion = 17.11.35312.102
MinimumVisualStudioVersion = 10.0.40219.1
Project("{FAE04EC0-301F-11D3-BF4B-00C04F79EFBC}") = "BookResourceSystem.API", "BookResourceSystem.API\BookResourceSystem.API.csproj", "{47E3C8C7-3687-481D-B6A1-E7C4D725F35D}"
EndProject
Project("{FAE04EC0-301F-11D3-BF4B-00C04F79EFBC}") = "BookResourceSystem.Entities", "BookResourceSystem.Entities\BookResourceSystem.Entities.csproj", "{541B652B-9184-47C5-B1F3-6C8618C9464B}"
EndProject
Project("{FAE04EC0-301F-11D3-BF4B-00C04F79EFBC}") = "BookResourceSystem.Repository", "BookResourceSystem.Repository\BookResourceSystem.Repository.csproj", "{C19294CE-20A6-4DEC-B343-FA8E1929E0FC}"
EndProject
Project("{FAE04EC0-301F-11D3-BF4B-00C04F79EFBC}") = "BookResourceSystem.Contracts", "BookResourceSystem.Contracts\BookResourceSystem.Contracts.csproj", "{B265EA30-7997-40E6-B921-DD157B549FA3}"
EndProject
Global
	GlobalSection(SolutionConfigurationPlatforms) = preSolution
		Debug|Any CPU = Debug|Any CPU
		Release|Any CPU = Release|Any CPU
	EndGlobalSection
	GlobalSection(ProjectConfigurationPlatforms) = postSolution
		{47E3C8C7-3687-481D-B6A1-E7C4D725F35D}.Debug|Any CPU.ActiveCfg = Debug|Any CPU
		{47E3C8C7-3687-481D-B6A1-E7C4D725F35D}.Debug|Any CPU.Build.0 = Debug|Any CPU
		{47E3C8C7-3687-481D-B6A1-E7C4D725F35D}.Release|Any CPU.ActiveCfg = Release|Any CPU
		{47E3C8C7-3687-481D-B6A1-E7C4D725F35D}.Release|Any CPU.Build.0 = Release|Any CPU
		{541B652B-9184-47C5-B1F3-6C8618C9464B}.Debug|Any CPU.ActiveCfg = Debug|Any CPU
		{541B652B-9184-47C5-B1F3-6C8618C9464B}.Debug|Any CPU.Build.0 = Debug|Any CPU
		{541B652B-9184-47C5-B1F3-6C8618C9464B}.Release|Any CPU.ActiveCfg = Release|Any CPU
		{541B652B-9184-47C5-B1F3-6C8618C9464B}.Release|Any CPU.Build.0 = Release|Any CPU
		{C19294CE-20A6-4DEC-B343-FA8E1929E0FC}.Debug|Any CPU.ActiveCfg = Debug|Any CPU
		{C19294CE-20A6-4DEC-B343-FA8E1929E0FC}.Debug|Any CPU.Build.0 = Debug|Any CPU
		{C19294CE-20A6-4DEC-B343-FA8E1929E0FC}.Release|Any CPU.ActiveCfg = Release|Any CPU
		{C19294CE-20A6-4DEC-B343-FA8E1929E0FC}.Release|Any CPU.Build.0 = Release|Any CPU
		{B265EA30-7997-40E6-B921-DD157B549FA3}.Debug|Any CPU.ActiveCfg = Debug|Any CPU
		{B265EA30-7997-40E6-B921-DD157B549FA3}.Debug|Any CPU.Build.0 = Debug|Any CPU
		{B265EA30-7997-40E6-B921-DD157B549FA3}.Release|Any CPU.ActiveCfg = Release|Any CPU
		{B265EA30-7997-40E6-B921-DD157B549FA3}.Release|Any CPU.Build.0 = Release|Any CPU
	EndGlobalSection
	GlobalSection(SolutionProperties) = preSolution
		HideSolutionNode = FALSE
	EndGlobalSection
	GlobalSection(ExtensibilityGlobals) = postSolution
		SolutionGuid = {852AD68F-3ED0-438D-983D-D52A94F2C330}
	EndGlobalSection
EndGlobal
