
Microsoft Visual Studio Solution File, Format Version 12.00
# Visual Studio Version 17
VisualStudioVersion = 17.11.35312.102
MinimumVisualStudioVersion = 10.0.40219.1
Project("{FAE04EC0-301F-11D3-BF4B-00C04F79EFBC}") = "BookResourceSystem.API", "BookResourceSystem.API\BookResourceSystem.API.csproj", "{47E3C8C7-3687-481D-B6A1-E7C4D725F35D}"
EndProject
Global
	GlobalSection(SolutionConfigurationPlatforms) = preSolution
		Debug|Any CPU = Debug|Any CPU
		Release|Any CPU = Release|Any CPU
	EndGlobalSection
	GlobalSection(ProjectConfigurationPlatforms) = postSolution
		{47E3C8C7-3687-481D-B6A1-E7C4D725F35D}.Debug|Any CPU.ActiveCfg = Debug|Any CPU
		{47E3C8C7-3687-481D-B6A1-E7C4D725F35D}.Debug|Any CPU.Build.0 = Debug|Any CPU
		{47E3C8C7-3687-481D-B6A1-E7C4D725F35D}.Release|Any CPU.ActiveCfg = Release|Any CPU
		{47E3C8C7-3687-481D-B6A1-E7C4D725F35D}.Release|Any CPU.Build.0 = Release|Any CPU
	EndGlobalSection
	GlobalSection(SolutionProperties) = preSolution
		HideSolutionNode = FALSE
	EndGlobalSection
	GlobalSection(ExtensibilityGlobals) = postSolution
		SolutionGuid = {852AD68F-3ED0-438D-983D-D52A94F2C330}
	EndGlobalSection
EndGlobal
